github.com/cespare/xxhash/v2 v2.2.0 h1:DC2OnBfxlnwzcNSTkMJLj1WFS5hN3zbow7N1SnqB6o=
github.com/cespare/xxhash/v2 v2.2.0/go.mod h1:VGX0DQ3Q6Gist3ITA6vra6AEPKQ19gBAF2cFWAIug8=
github.com/dgryski/go-rendezvous v0.0.0-20200823014737-9f7001d12a5f h1:lO4WD4F/rVNCu3rVINkork15aFK6rauxE596NMw/Z8=
github.com/dgryski/go-rendezvous v0.0.0-20200823014737-9f7001d12a5f/go.mod h1:sU0gXw6YH5K6DBERQJiBsTLlOiG8E5ONqwE3d2eFvI=
github.com/go-chi/chi/v5 v5.0.11 h1:Xo7XwvvayhuiZL5l8WZcJ4iRgw53iG1tdIrD7E7gIw=
github.com/go-chi/chi/v5 v5.0.11/go.mod h1:DslCQbL2OYiznFReuXLOUmbCzywmC9Y63KsuB0lVTQ=
github.com/go-chi/cors v1.2.1 h1:xEC8S3SEQeKPqPIBJ51MQvLErZk022jtarzmSZQzxY=
github.com/go-chi/cors v1.2.1/go.mod h1:sSbTewc+6wYHBBCW7ytsFSn836hqxz60+isFjZmMJ8=
github.com/go-chi/middleware v0.0.0-20240528143539-ebfd8d6b959f h1:OVG1W24cJPJh8tGi/i9k0zMuNsKWXsxcqLnuG4bwbM=
github.com/go-chi/middleware v0.0.0-20240528143539-ebfd8d6b959f/go.mod h1:gLiI4VnfIGHNTnW68+L3kPrpMCJr5zGQVT8OcWHWLI=
github.com/golang-jwt/jwt/v5 v5.2.0 h1:d/ix8ftRUcqqJFExite4+zgdvysC2MSB9eq7zpOV20=
github.com/golang-jwt/jwt/v5 v5.2.0/go.mod h1:pqrtFR0X4osieyHYxtquAwLsXF5c9qVmheading1=
github.com/google/uuid v1.6.0 h1:NIvaJDMOsjHA8n1jAhLSgzrAzy1cm2/TtqjVIVsNqw=
github.com/google/uuid v1.6.0/go.mod h1:TIyPZe4MgqvfeYDBFedMoGGpEw/LqOQabyRkcr46Hrw=
github.com/joho/godotenv v1.5.1 h1:7P4SfwW0WKA+Vl7nbY4V7GLAC2K7V3T3jsSHmRwold=
github.com/joho/godotenv v1.5.1/go.mod h1:f4LDr5Voq0i2e/R5DDNOoa2zzDfwtkZa6DxwEWQkV4=
github.com/mattn/go-sqlite3 v1.14.19 h1:fhGleo2h1p8tVChob4I9HpmVFIAkJ2b9tRsIT7lWAo=
github.com/mattn/go-sqlite3 v1.14.19/go.mod h1:NyWgC/yNuGj7Q9rpYRZvM/L4SYwIHKhws1e24+wvS0=
github.com/redis/go-redis/v9 v9.5.1 h1:H8XmJT5/wvkxf645f/my7W8hcFy6XtjJk/D/ypu0+g=
github.com/redis/go-redis/v9 v9.5.1/go.mod h1:hdY0cQFCN4fnSYmD+9rAZDtioYjpUDOvrmqwWk4QSY=
golang.org/x/crypto v0.21.0 h1:X31++rzVUdKhgpE+RsCD9DRBG4/wKXl7+iv+rZQ+5M=
golang.org/x/crypto v0.21.0/go.mod h1:4yupF+O5XBlDcTW4yd28S6lNW4nwBHdc2E0qnasDRI=
golang.org/x/sys v0.21.0 h1:rF+pYz3DAGSFDYABLWCTIorDTeFVxPl9+R8Vt/PZc=
golang.org/x/sys v0.21.0/go.mod h1:/VUhepiaJMQUp4+oa/7Zr1D0LpaJJ7DLstYeZAKq1M=
